
Microsoft Visual Studio Solution File, Format Version 12.00
# Visual Studio Version 17
VisualStudioVersion = 17.6.33801.468
MinimumVisualStudioVersion = 10.0.40219.1
Project("{FAE04EC0-301F-11D3-BF4B-00C04F79EFBC}") = "ProyectoCodeCraff.Presentacion", "ProyectoCodeCraff\ProyectoCodeCraff.Presentacion.csproj", "{77A8654D-FA71-4105-BF7C-EF927AD32D1F}"
EndProject
Project("{FAE04EC0-301F-11D3-BF4B-00C04F79EFBC}") = "ProyectoCodeCraft.RN", "ProyectoCodeCraft.RN\ProyectoCodeCraft.RN.csproj", "{7E202AFC-E9EC-491F-B184-5C30C74751E1}"
EndProject
Project("{FAE04EC0-301F-11D3-BF4B-00C04F79EFBC}") = "ProyectoCodeCraft.Datos", "ProyectoCodeCraft.Datos\ProyectoCodeCraft.Datos.csproj", "{AB175784-D675-4816-9648-AE82CB3D64FD}"
EndProject
Project("{FAE04EC0-301F-11D3-BF4B-00C04F79EFBC}") = "RNUtilitarios", "RNUtilitarios\RNUtilitarios.csproj", "{CBA41D7E-2E60-4688-AE71-67EEC32EC91E}"
EndProject
Project("{F14B399A-7131-4C87-9E4B-1186C45EF12D}") = "InformesCodeCraft", "InformesCodeCraft\InformesCodeCraft.rptproj", "{33457613-14FF-44E6-9598-EE61A3CD799B}"
EndProject
Global
	GlobalSection(SolutionConfigurationPlatforms) = preSolution
		Debug|Any CPU = Debug|Any CPU
		DebugLocal|Any CPU = DebugLocal|Any CPU
		Release|Any CPU = Release|Any CPU
	EndGlobalSection
	GlobalSection(ProjectConfigurationPlatforms) = postSolution
		{77A8654D-FA71-4105-BF7C-EF927AD32D1F}.Debug|Any CPU.ActiveCfg = Debug|Any CPU
		{77A8654D-FA71-4105-BF7C-EF927AD32D1F}.Debug|Any CPU.Build.0 = Debug|Any CPU
		{77A8654D-FA71-4105-BF7C-EF927AD32D1F}.DebugLocal|Any CPU.ActiveCfg = Debug|Any CPU
		{77A8654D-FA71-4105-BF7C-EF927AD32D1F}.DebugLocal|Any CPU.Build.0 = Debug|Any CPU
		{77A8654D-FA71-4105-BF7C-EF927AD32D1F}.Release|Any CPU.ActiveCfg = Release|Any CPU
		{77A8654D-FA71-4105-BF7C-EF927AD32D1F}.Release|Any CPU.Build.0 = Release|Any CPU
		{7E202AFC-E9EC-491F-B184-5C30C74751E1}.Debug|Any CPU.ActiveCfg = Debug|Any CPU
		{7E202AFC-E9EC-491F-B184-5C30C74751E1}.Debug|Any CPU.Build.0 = Debug|Any CPU
		{7E202AFC-E9EC-491F-B184-5C30C74751E1}.DebugLocal|Any CPU.ActiveCfg = Debug|Any CPU
		{7E202AFC-E9EC-491F-B184-5C30C74751E1}.DebugLocal|Any CPU.Build.0 = Debug|Any CPU
		{7E202AFC-E9EC-491F-B184-5C30C74751E1}.Release|Any CPU.ActiveCfg = Release|Any CPU
		{7E202AFC-E9EC-491F-B184-5C30C74751E1}.Release|Any CPU.Build.0 = Release|Any CPU
		{AB175784-D675-4816-9648-AE82CB3D64FD}.Debug|Any CPU.ActiveCfg = Debug|Any CPU
		{AB175784-D675-4816-9648-AE82CB3D64FD}.Debug|Any CPU.Build.0 = Debug|Any CPU
		{AB175784-D675-4816-9648-AE82CB3D64FD}.DebugLocal|Any CPU.ActiveCfg = Debug|Any CPU
		{AB175784-D675-4816-9648-AE82CB3D64FD}.DebugLocal|Any CPU.Build.0 = Debug|Any CPU
		{AB175784-D675-4816-9648-AE82CB3D64FD}.Release|Any CPU.ActiveCfg = Release|Any CPU
		{AB175784-D675-4816-9648-AE82CB3D64FD}.Release|Any CPU.Build.0 = Release|Any CPU
		{CBA41D7E-2E60-4688-AE71-67EEC32EC91E}.Debug|Any CPU.ActiveCfg = Debug|Any CPU
		{CBA41D7E-2E60-4688-AE71-67EEC32EC91E}.Debug|Any CPU.Build.0 = Debug|Any CPU
		{CBA41D7E-2E60-4688-AE71-67EEC32EC91E}.DebugLocal|Any CPU.ActiveCfg = Debug|Any CPU
		{CBA41D7E-2E60-4688-AE71-67EEC32EC91E}.DebugLocal|Any CPU.Build.0 = Debug|Any CPU
		{CBA41D7E-2E60-4688-AE71-67EEC32EC91E}.Release|Any CPU.ActiveCfg = Release|Any CPU
		{CBA41D7E-2E60-4688-AE71-67EEC32EC91E}.Release|Any CPU.Build.0 = Release|Any CPU
		{33457613-14FF-44E6-9598-EE61A3CD799B}.Debug|Any CPU.ActiveCfg = Debug
		{33457613-14FF-44E6-9598-EE61A3CD799B}.Debug|Any CPU.Build.0 = Debug
		{33457613-14FF-44E6-9598-EE61A3CD799B}.Debug|Any CPU.Deploy.0 = Debug
		{33457613-14FF-44E6-9598-EE61A3CD799B}.DebugLocal|Any CPU.ActiveCfg = DebugLocal
		{33457613-14FF-44E6-9598-EE61A3CD799B}.DebugLocal|Any CPU.Build.0 = DebugLocal
		{33457613-14FF-44E6-9598-EE61A3CD799B}.Release|Any CPU.ActiveCfg = Release
		{33457613-14FF-44E6-9598-EE61A3CD799B}.Release|Any CPU.Build.0 = Release
		{33457613-14FF-44E6-9598-EE61A3CD799B}.Release|Any CPU.Deploy.0 = Release
	EndGlobalSection
	GlobalSection(SolutionProperties) = preSolution
		HideSolutionNode = FALSE
	EndGlobalSection
	GlobalSection(ExtensibilityGlobals) = postSolution
		SolutionGuid = {0C926F6D-A7FF-4D15-A608-D095E7C148B1}
	EndGlobalSection
EndGlobal
